// !$*UTF8*$!
{
	archiveVersion = 1;
	classes = {
	};
	objectVersion = 46;
	objects = {

/* Begin PBXBuildFile section */
		E339B21415D4DFB6005D46E5 /* Tag+Create.m in Sources */ = {isa = PBXBuildFile; fileRef = E339B21315D4DFB6005D46E5 /* Tag+Create.m */; };
		E339B21615D4E0DE005D46E5 /* Tag+Create.m in Sources */ = {isa = PBXBuildFile; fileRef = E339B21315D4DFB6005D46E5 /* Tag+Create.m */; };
		E339B22D15D4F482005D46E5 /* Tag.m in Sources */ = {isa = PBXBuildFile; fileRef = E339B22C15D4F481005D46E5 /* Tag.m */; };
		E39C6C3915DA25BC006EC68C /* BlockTest.m in Sources */ = {isa = PBXBuildFile; fileRef = E39C6C3815DA25BC006EC68C /* BlockTest.m */; };
		E3E446B715D392640009E6BD /* VirtualVacationTableViewController.m in Sources */ = {isa = PBXBuildFile; fileRef = E3E446B615D392640009E6BD /* VirtualVacationTableViewController.m */; };
		E3F39BC215D3DA35009A373D /* VacationTagsTableViewController.m in Sources */ = {isa = PBXBuildFile; fileRef = E3F39BC115D3DA35009A373D /* VacationTagsTableViewController.m */; };
		E3F39BC415D3DF50009A373D /* Photo.m in Sources */ = {isa = PBXBuildFile; fileRef = FF92B3D515D2CCD500587C01 /* Photo.m */; };
		E3F39BC815D3DF50009A373D /* Place+Create.m in Sources */ = {isa = PBXBuildFile; fileRef = FF92B3D815D2CD7200587C01 /* Place+Create.m */; };
		E3F39BC915D3E01D009A373D /* CoreData.framework in Frameworks */ = {isa = PBXBuildFile; fileRef = FF92B3DD15D2CFD900587C01 /* CoreData.framework */; };
		FF209FCF15C43B4F00D88F6E /* RecentPhotosTableViewController.m in Sources */ = {isa = PBXBuildFile; fileRef = FF209FCE15C43B4F00D88F6E /* RecentPhotosTableViewController.m */; };
		FF2441F315CE73A300C762FE /* MapUtilities.m in Sources */ = {isa = PBXBuildFile; fileRef = FF2441F215CE73A300C762FE /* MapUtilities.m */; };
		FF4AB0A315CB739E0063BDD5 /* PhotosMapViewController.m in Sources */ = {isa = PBXBuildFile; fileRef = FF4AB0A215CB739E0063BDD5 /* PhotosMapViewController.m */; };
		FF4AB0A715CB73C80063BDD5 /* PhotoAnnotation.m in Sources */ = {isa = PBXBuildFile; fileRef = FF4AB0A615CB73C80063BDD5 /* PhotoAnnotation.m */; };
		FF4B5A7215C2EF9700217AA2 /* UIKit.framework in Frameworks */ = {isa = PBXBuildFile; fileRef = FF4B5A7115C2EF9700217AA2 /* UIKit.framework */; };
		FF4B5A7415C2EF9700217AA2 /* Foundation.framework in Frameworks */ = {isa = PBXBuildFile; fileRef = FF4B5A7315C2EF9700217AA2 /* Foundation.framework */; };
		FF4B5A7615C2EF9700217AA2 /* CoreGraphics.framework in Frameworks */ = {isa = PBXBuildFile; fileRef = FF4B5A7515C2EF9700217AA2 /* CoreGraphics.framework */; };
		FF4B5A7C15C2EF9700217AA2 /* InfoPlist.strings in Resources */ = {isa = PBXBuildFile; fileRef = FF4B5A7A15C2EF9700217AA2 /* InfoPlist.strings */; };
		FF4B5A7E15C2EF9700217AA2 /* main.m in Sources */ = {isa = PBXBuildFile; fileRef = FF4B5A7D15C2EF9700217AA2 /* main.m */; };
		FF4B5A8215C2EF9700217AA2 /* AppDelegate.m in Sources */ = {isa = PBXBuildFile; fileRef = FF4B5A8115C2EF9700217AA2 /* AppDelegate.m */; };
		FF4B5A8515C2EF9700217AA2 /* MainStoryboard_iPhone.storyboard in Resources */ = {isa = PBXBuildFile; fileRef = FF4B5A8315C2EF9700217AA2 /* MainStoryboard_iPhone.storyboard */; };
		FF4B5A8815C2EF9700217AA2 /* MainStoryboard_iPad.storyboard in Resources */ = {isa = PBXBuildFile; fileRef = FF4B5A8615C2EF9700217AA2 /* MainStoryboard_iPad.storyboard */; };
		FF4B5A9415C2EF9800217AA2 /* emptyThumbnail.png in Resources */ = {isa = PBXBuildFile; fileRef = FF4B5A9315C2EF9800217AA2 /* emptyThumbnail.png */; };
		FF4B5A9E15C2EF9800217AA2 /* SenTestingKit.framework in Frameworks */ = {isa = PBXBuildFile; fileRef = FF4B5A9D15C2EF9800217AA2 /* SenTestingKit.framework */; };
		FF4B5A9F15C2EF9800217AA2 /* UIKit.framework in Frameworks */ = {isa = PBXBuildFile; fileRef = FF4B5A7115C2EF9700217AA2 /* UIKit.framework */; };
		FF4B5AA015C2EF9800217AA2 /* Foundation.framework in Frameworks */ = {isa = PBXBuildFile; fileRef = FF4B5A7315C2EF9700217AA2 /* Foundation.framework */; };
		FF4B5AA815C2EF9800217AA2 /* InfoPlist.strings in Resources */ = {isa = PBXBuildFile; fileRef = FF4B5AA615C2EF9800217AA2 /* InfoPlist.strings */; };
		FF4B5AAB15C2EF9800217AA2 /* TopPlacesTests.m in Sources */ = {isa = PBXBuildFile; fileRef = FF4B5AAA15C2EF9800217AA2 /* TopPlacesTests.m */; };
		FF4B5AB815C2F21400217AA2 /* FlickrFetcher.m in Sources */ = {isa = PBXBuildFile; fileRef = FF4B5AB615C2F21400217AA2 /* FlickrFetcher.m */; };
		FF4B5AB915C2F21400217AA2 /* FlickrFetcher.m in Sources */ = {isa = PBXBuildFile; fileRef = FF4B5AB615C2F21400217AA2 /* FlickrFetcher.m */; };
		FF4B5ABC15C2F36600217AA2 /* PlacesTableViewController.m in Sources */ = {isa = PBXBuildFile; fileRef = FF4B5ABB15C2F36600217AA2 /* PlacesTableViewController.m */; };
		FF4B5ABD15C2F36600217AA2 /* PlacesTableViewController.m in Sources */ = {isa = PBXBuildFile; fileRef = FF4B5ABB15C2F36600217AA2 /* PlacesTableViewController.m */; };
		FF4B5AC415C2FBAF00217AA2 /* PhotosTableViewController.m in Sources */ = {isa = PBXBuildFile; fileRef = FF4B5AC315C2FBAF00217AA2 /* PhotosTableViewController.m */; };
		FF4B5AC515C2FBAF00217AA2 /* PhotosTableViewController.m in Sources */ = {isa = PBXBuildFile; fileRef = FF4B5AC315C2FBAF00217AA2 /* PhotosTableViewController.m */; };
		FF4BE26915D5B38400E231DA /* PhotoDefintion.m in Sources */ = {isa = PBXBuildFile; fileRef = FF4BE26815D5B38400E231DA /* PhotoDefintion.m */; };
		FF4E6FD315CBCCA600E745C0 /* FileCache.m in Sources */ = {isa = PBXBuildFile; fileRef = FF4E6FD215CBCCA600E745C0 /* FileCache.m */; };
		FF4E6FD415CBCCA600E745C0 /* FileCache.m in Sources */ = {isa = PBXBuildFile; fileRef = FF4E6FD215CBCCA600E745C0 /* FileCache.m */; };
		FF51D7E815C74BD900F1E301 /* TopPhotosTableViewController.m in Sources */ = {isa = PBXBuildFile; fileRef = FF51D7E715C74BD900F1E301 /* TopPhotosTableViewController.m */; };
		FF55A62015D701FF00A7A573 /* CommonPhotoViewController.m in Sources */ = {isa = PBXBuildFile; fileRef = FF55A61F15D701FF00A7A573 /* CommonPhotoViewController.m */; };
		FF5C92BE15C9B5EF0090AB4F /* PlacesMapViewController.m in Sources */ = {isa = PBXBuildFile; fileRef = FF5C92BD15C9B5EF0090AB4F /* PlacesMapViewController.m */; };
		FF5C92C015C9B72E0090AB4F /* MapKit.framework in Frameworks */ = {isa = PBXBuildFile; fileRef = FF5C92BF15C9B72E0090AB4F /* MapKit.framework */; };
		FF5C92C215C9B73B0090AB4F /* CoreLocation.framework in Frameworks */ = {isa = PBXBuildFile; fileRef = FF5C92C115C9B73B0090AB4F /* CoreLocation.framework */; };
		FF5C92C515C9B9DD0090AB4F /* PlaceAnnotation.m in Sources */ = {isa = PBXBuildFile; fileRef = FF5C92C415C9B9DD0090AB4F /* PlaceAnnotation.m */; };
		FF6975DB15C3D9B600E3D45E /* PhotoViewController.m in Sources */ = {isa = PBXBuildFile; fileRef = FF6975DA15C3D9B600E3D45E /* PhotoViewController.m */; };
		FF75F1E415D4153B004D5B1D /* Place.m in Sources */ = {isa = PBXBuildFile; fileRef = FF75F1E315D4153B004D5B1D /* Place.m */; };
		FF75F1E815D41751004D5B1D /* VacationPhotosTableViewController.m in Sources */ = {isa = PBXBuildFile; fileRef = FF75F1E715D41751004D5B1D /* VacationPhotosTableViewController.m */; };
		FF7EAFB915D26255003BE5C4 /* TopPlaces.xcdatamodeld in Sources */ = {isa = PBXBuildFile; fileRef = FF7EAFB715D26255003BE5C4 /* TopPlaces.xcdatamodeld */; };
		FF89EAD615D7AB1200466297 /* VacationPhotoViewController.m in Sources */ = {isa = PBXBuildFile; fileRef = FF89EAD515D7AB1200466297 /* VacationPhotoViewController.m */; };
		FF92B3D615D2CCD500587C01 /* Photo.m in Sources */ = {isa = PBXBuildFile; fileRef = FF92B3D515D2CCD500587C01 /* Photo.m */; };
		FF92B3D915D2CD7200587C01 /* Place+Create.m in Sources */ = {isa = PBXBuildFile; fileRef = FF92B3D815D2CD7200587C01 /* Place+Create.m */; };
		FF92B3DE15D2CFD900587C01 /* CoreData.framework in Frameworks */ = {isa = PBXBuildFile; fileRef = FF92B3DD15D2CFD900587C01 /* CoreData.framework */; };
		FF92B3ED15D2D18600587C01 /* VacationHelper.m in Sources */ = {isa = PBXBuildFile; fileRef = FF92B3EC15D2D18600587C01 /* VacationHelper.m */; };
		FFAE08E915D780480075D8C5 /* Photo+PhotoDefinition.m in Sources */ = {isa = PBXBuildFile; fileRef = FFAE08E815D780480075D8C5 /* Photo+PhotoDefinition.m */; };
		FFC8B58815C53B900049228F /* FlickrPlace.m in Sources */ = {isa = PBXBuildFile; fileRef = FFC8B58715C53B900049228F /* FlickrPlace.m */; };
		FFF7B02515D368E300AF9442 /* CreateVacationTest.m in Sources */ = {isa = PBXBuildFile; fileRef = FFF7B02415D368E300AF9442 /* CreateVacationTest.m */; };
		FFF7B02715D3695800AF9442 /* VacationHelper.m in Sources */ = {isa = PBXBuildFile; fileRef = FF92B3EC15D2D18600587C01 /* VacationHelper.m */; };
		FFF7B02A15D36B4F00AF9442 /* VirtualVacationsTableViewController.m in Sources */ = {isa = PBXBuildFile; fileRef = FFF7B02915D36B4F00AF9442 /* VirtualVacationsTableViewController.m */; };
		FFFF718315D29A9E00696F1A /* CoreDataTableViewController.m in Sources */ = {isa = PBXBuildFile; fileRef = FFFF718215D29A9E00696F1A /* CoreDataTableViewController.m */; };
		FFFF718715D29B6A00696F1A /* VacationPlacesTableViewController.m in Sources */ = {isa = PBXBuildFile; fileRef = FFFF718615D29B6A00696F1A /* VacationPlacesTableViewController.m */; };
/* End PBXBuildFile section */

/* Begin PBXContainerItemProxy section */
		FF4B5AA115C2EF9800217AA2 /* PBXContainerItemProxy */ = {
			isa = PBXContainerItemProxy;
			containerPortal = FF4B5A6415C2EF9700217AA2 /* Project object */;
			proxyType = 1;
			remoteGlobalIDString = FF4B5A6C15C2EF9700217AA2;
			remoteInfo = TopPlaces;
		};
/* End PBXContainerItemProxy section */

/* Begin PBXFileReference section */
		E339B21215D4DFB6005D46E5 /* Tag+Create.h */ = {isa = PBXFileReference; fileEncoding = 4; lastKnownFileType = sourcecode.c.h; path = "Tag+Create.h"; sourceTree = "<group>"; };
		E339B21315D4DFB6005D46E5 /* Tag+Create.m */ = {isa = PBXFileReference; fileEncoding = 4; lastKnownFileType = sourcecode.c.objc; path = "Tag+Create.m"; sourceTree = "<group>"; };
		E339B22B15D4F481005D46E5 /* Tag.h */ = {isa = PBXFileReference; fileEncoding = 4; lastKnownFileType = sourcecode.c.h; path = Tag.h; sourceTree = "<group>"; };
		E339B22C15D4F481005D46E5 /* Tag.m */ = {isa = PBXFileReference; fileEncoding = 4; lastKnownFileType = sourcecode.c.objc; path = Tag.m; sourceTree = "<group>"; };
		E39C6C3715DA25BC006EC68C /* BlockTest.h */ = {isa = PBXFileReference; fileEncoding = 4; lastKnownFileType = sourcecode.c.h; path = BlockTest.h; sourceTree = "<group>"; };
		E39C6C3815DA25BC006EC68C /* BlockTest.m */ = {isa = PBXFileReference; fileEncoding = 4; lastKnownFileType = sourcecode.c.objc; path = BlockTest.m; sourceTree = "<group>"; };
		E3E446B515D392640009E6BD /* VirtualVacationTableViewController.h */ = {isa = PBXFileReference; fileEncoding = 4; lastKnownFileType = sourcecode.c.h; path = VirtualVacationTableViewController.h; sourceTree = "<group>"; };
		E3E446B615D392640009E6BD /* VirtualVacationTableViewController.m */ = {isa = PBXFileReference; fileEncoding = 4; lastKnownFileType = sourcecode.c.objc; path = VirtualVacationTableViewController.m; sourceTree = "<group>"; };
		E3F39BC015D3DA35009A373D /* VacationTagsTableViewController.h */ = {isa = PBXFileReference; fileEncoding = 4; lastKnownFileType = sourcecode.c.h; path = VacationTagsTableViewController.h; sourceTree = "<group>"; };
		E3F39BC115D3DA35009A373D /* VacationTagsTableViewController.m */ = {isa = PBXFileReference; fileEncoding = 4; lastKnownFileType = sourcecode.c.objc; path = VacationTagsTableViewController.m; sourceTree = "<group>"; };
		FF209FCD15C43B4F00D88F6E /* RecentPhotosTableViewController.h */ = {isa = PBXFileReference; fileEncoding = 4; lastKnownFileType = sourcecode.c.h; path = RecentPhotosTableViewController.h; sourceTree = "<group>"; };
		FF209FCE15C43B4F00D88F6E /* RecentPhotosTableViewController.m */ = {isa = PBXFileReference; fileEncoding = 4; lastKnownFileType = sourcecode.c.objc; path = RecentPhotosTableViewController.m; sourceTree = "<group>"; };
		FF2441F115CE73A300C762FE /* MapUtilities.h */ = {isa = PBXFileReference; fileEncoding = 4; lastKnownFileType = sourcecode.c.h; path = MapUtilities.h; sourceTree = "<group>"; };
		FF2441F215CE73A300C762FE /* MapUtilities.m */ = {isa = PBXFileReference; fileEncoding = 4; lastKnownFileType = sourcecode.c.objc; path = MapUtilities.m; sourceTree = "<group>"; };
		FF4AB0A115CB739E0063BDD5 /* PhotosMapViewController.h */ = {isa = PBXFileReference; fileEncoding = 4; lastKnownFileType = sourcecode.c.h; path = PhotosMapViewController.h; sourceTree = "<group>"; };
		FF4AB0A215CB739E0063BDD5 /* PhotosMapViewController.m */ = {isa = PBXFileReference; fileEncoding = 4; lastKnownFileType = sourcecode.c.objc; path = PhotosMapViewController.m; sourceTree = "<group>"; };
		FF4AB0A515CB73C80063BDD5 /* PhotoAnnotation.h */ = {isa = PBXFileReference; fileEncoding = 4; lastKnownFileType = sourcecode.c.h; path = PhotoAnnotation.h; sourceTree = "<group>"; };
		FF4AB0A615CB73C80063BDD5 /* PhotoAnnotation.m */ = {isa = PBXFileReference; fileEncoding = 4; lastKnownFileType = sourcecode.c.objc; path = PhotoAnnotation.m; sourceTree = "<group>"; };
		FF4B5A6D15C2EF9700217AA2 /* TopPlaces.app */ = {isa = PBXFileReference; explicitFileType = wrapper.application; includeInIndex = 0; path = TopPlaces.app; sourceTree = BUILT_PRODUCTS_DIR; };
		FF4B5A7115C2EF9700217AA2 /* UIKit.framework */ = {isa = PBXFileReference; lastKnownFileType = wrapper.framework; name = UIKit.framework; path = System/Library/Frameworks/UIKit.framework; sourceTree = SDKROOT; };
		FF4B5A7315C2EF9700217AA2 /* Foundation.framework */ = {isa = PBXFileReference; lastKnownFileType = wrapper.framework; name = Foundation.framework; path = System/Library/Frameworks/Foundation.framework; sourceTree = SDKROOT; };
		FF4B5A7515C2EF9700217AA2 /* CoreGraphics.framework */ = {isa = PBXFileReference; lastKnownFileType = wrapper.framework; name = CoreGraphics.framework; path = System/Library/Frameworks/CoreGraphics.framework; sourceTree = SDKROOT; };
		FF4B5A7915C2EF9700217AA2 /* TopPlaces-Info.plist */ = {isa = PBXFileReference; lastKnownFileType = text.plist.xml; path = "TopPlaces-Info.plist"; sourceTree = "<group>"; };
		FF4B5A7B15C2EF9700217AA2 /* en */ = {isa = PBXFileReference; lastKnownFileType = text.plist.strings; name = en; path = en.lproj/InfoPlist.strings; sourceTree = "<group>"; };
		FF4B5A7D15C2EF9700217AA2 /* main.m */ = {isa = PBXFileReference; lastKnownFileType = sourcecode.c.objc; path = main.m; sourceTree = "<group>"; };
		FF4B5A7F15C2EF9700217AA2 /* TopPlaces-Prefix.pch */ = {isa = PBXFileReference; lastKnownFileType = sourcecode.c.h; path = "TopPlaces-Prefix.pch"; sourceTree = "<group>"; };
		FF4B5A8015C2EF9700217AA2 /* AppDelegate.h */ = {isa = PBXFileReference; lastKnownFileType = sourcecode.c.h; path = AppDelegate.h; sourceTree = "<group>"; };
		FF4B5A8115C2EF9700217AA2 /* AppDelegate.m */ = {isa = PBXFileReference; lastKnownFileType = sourcecode.c.objc; path = AppDelegate.m; sourceTree = "<group>"; };
		FF4B5A8415C2EF9700217AA2 /* en */ = {isa = PBXFileReference; lastKnownFileType = file.storyboard; name = en; path = en.lproj/MainStoryboard_iPhone.storyboard; sourceTree = "<group>"; };
		FF4B5A8715C2EF9700217AA2 /* en */ = {isa = PBXFileReference; lastKnownFileType = file.storyboard; name = en; path = en.lproj/MainStoryboard_iPad.storyboard; sourceTree = "<group>"; };
		FF4B5A9315C2EF9800217AA2 /* emptyThumbnail.png */ = {isa = PBXFileReference; lastKnownFileType = image.png; path = emptyThumbnail.png; sourceTree = "<group>"; };
		FF4B5A9C15C2EF9800217AA2 /* TopPlacesTests.octest */ = {isa = PBXFileReference; explicitFileType = wrapper.cfbundle; includeInIndex = 0; path = TopPlacesTests.octest; sourceTree = BUILT_PRODUCTS_DIR; };
		FF4B5A9D15C2EF9800217AA2 /* SenTestingKit.framework */ = {isa = PBXFileReference; lastKnownFileType = wrapper.framework; name = SenTestingKit.framework; path = Library/Frameworks/SenTestingKit.framework; sourceTree = DEVELOPER_DIR; };
		FF4B5AA515C2EF9800217AA2 /* TopPlacesTests-Info.plist */ = {isa = PBXFileReference; lastKnownFileType = text.plist.xml; path = "TopPlacesTests-Info.plist"; sourceTree = "<group>"; };
		FF4B5AA715C2EF9800217AA2 /* en */ = {isa = PBXFileReference; lastKnownFileType = text.plist.strings; name = en; path = en.lproj/InfoPlist.strings; sourceTree = "<group>"; };
		FF4B5AA915C2EF9800217AA2 /* TopPlacesTests.h */ = {isa = PBXFileReference; lastKnownFileType = sourcecode.c.h; path = TopPlacesTests.h; sourceTree = "<group>"; };
		FF4B5AAA15C2EF9800217AA2 /* TopPlacesTests.m */ = {isa = PBXFileReference; lastKnownFileType = sourcecode.c.objc; path = TopPlacesTests.m; sourceTree = "<group>"; };
		FF4B5AB515C2F21400217AA2 /* FlickrFetcher.h */ = {isa = PBXFileReference; fileEncoding = 4; lastKnownFileType = sourcecode.c.h; path = FlickrFetcher.h; sourceTree = "<group>"; };
		FF4B5AB615C2F21400217AA2 /* FlickrFetcher.m */ = {isa = PBXFileReference; fileEncoding = 4; lastKnownFileType = sourcecode.c.objc; path = FlickrFetcher.m; sourceTree = "<group>"; };
		FF4B5AB715C2F21400217AA2 /* FlickrAPIKey.h */ = {isa = PBXFileReference; fileEncoding = 4; lastKnownFileType = sourcecode.c.h; path = FlickrAPIKey.h; sourceTree = "<group>"; };
		FF4B5ABA15C2F36600217AA2 /* PlacesTableViewController.h */ = {isa = PBXFileReference; fileEncoding = 4; lastKnownFileType = sourcecode.c.h; path = PlacesTableViewController.h; sourceTree = "<group>"; };
		FF4B5ABB15C2F36600217AA2 /* PlacesTableViewController.m */ = {isa = PBXFileReference; fileEncoding = 4; lastKnownFileType = sourcecode.c.objc; path = PlacesTableViewController.m; sourceTree = "<group>"; };
		FF4B5AC215C2FBAF00217AA2 /* PhotosTableViewController.h */ = {isa = PBXFileReference; fileEncoding = 4; lastKnownFileType = sourcecode.c.h; path = PhotosTableViewController.h; sourceTree = "<group>"; };
		FF4B5AC315C2FBAF00217AA2 /* PhotosTableViewController.m */ = {isa = PBXFileReference; fileEncoding = 4; lastKnownFileType = sourcecode.c.objc; path = PhotosTableViewController.m; sourceTree = "<group>"; };
		FF4BE26715D5B38400E231DA /* PhotoDefintion.h */ = {isa = PBXFileReference; fileEncoding = 4; lastKnownFileType = sourcecode.c.h; path = PhotoDefintion.h; sourceTree = "<group>"; };
		FF4BE26815D5B38400E231DA /* PhotoDefintion.m */ = {isa = PBXFileReference; fileEncoding = 4; lastKnownFileType = sourcecode.c.objc; path = PhotoDefintion.m; sourceTree = "<group>"; };
		FF4E6FD115CBCCA600E745C0 /* FileCache.h */ = {isa = PBXFileReference; fileEncoding = 4; lastKnownFileType = sourcecode.c.h; path = FileCache.h; sourceTree = "<group>"; };
		FF4E6FD215CBCCA600E745C0 /* FileCache.m */ = {isa = PBXFileReference; fileEncoding = 4; lastKnownFileType = sourcecode.c.objc; path = FileCache.m; sourceTree = "<group>"; };
		FF51D7E615C74BD900F1E301 /* TopPhotosTableViewController.h */ = {isa = PBXFileReference; fileEncoding = 4; lastKnownFileType = sourcecode.c.h; path = TopPhotosTableViewController.h; sourceTree = "<group>"; };
		FF51D7E715C74BD900F1E301 /* TopPhotosTableViewController.m */ = {isa = PBXFileReference; fileEncoding = 4; lastKnownFileType = sourcecode.c.objc; path = TopPhotosTableViewController.m; sourceTree = "<group>"; };
		FF55A61D15D701CA00A7A573 /* CommonPhotoViewController.h */ = {isa = PBXFileReference; fileEncoding = 4; lastKnownFileType = sourcecode.c.h; path = CommonPhotoViewController.h; sourceTree = "<group>"; };
		FF55A61F15D701FF00A7A573 /* CommonPhotoViewController.m */ = {isa = PBXFileReference; fileEncoding = 4; lastKnownFileType = sourcecode.c.objc; path = CommonPhotoViewController.m; sourceTree = "<group>"; };
		FF5C92BC15C9B5EF0090AB4F /* PlacesMapViewController.h */ = {isa = PBXFileReference; fileEncoding = 4; lastKnownFileType = sourcecode.c.h; path = PlacesMapViewController.h; sourceTree = "<group>"; };
		FF5C92BD15C9B5EF0090AB4F /* PlacesMapViewController.m */ = {isa = PBXFileReference; fileEncoding = 4; lastKnownFileType = sourcecode.c.objc; path = PlacesMapViewController.m; sourceTree = "<group>"; };
		FF5C92BF15C9B72E0090AB4F /* MapKit.framework */ = {isa = PBXFileReference; lastKnownFileType = wrapper.framework; name = MapKit.framework; path = System/Library/Frameworks/MapKit.framework; sourceTree = SDKROOT; };
		FF5C92C115C9B73B0090AB4F /* CoreLocation.framework */ = {isa = PBXFileReference; lastKnownFileType = wrapper.framework; name = CoreLocation.framework; path = System/Library/Frameworks/CoreLocation.framework; sourceTree = SDKROOT; };
		FF5C92C315C9B9DD0090AB4F /* PlaceAnnotation.h */ = {isa = PBXFileReference; fileEncoding = 4; lastKnownFileType = sourcecode.c.h; path = PlaceAnnotation.h; sourceTree = "<group>"; };
		FF5C92C415C9B9DD0090AB4F /* PlaceAnnotation.m */ = {isa = PBXFileReference; fileEncoding = 4; lastKnownFileType = sourcecode.c.objc; path = PlaceAnnotation.m; sourceTree = "<group>"; };
		FF6975D915C3D9B600E3D45E /* PhotoViewController.h */ = {isa = PBXFileReference; fileEncoding = 4; lastKnownFileType = sourcecode.c.h; path = PhotoViewController.h; sourceTree = "<group>"; };
		FF6975DA15C3D9B600E3D45E /* PhotoViewController.m */ = {isa = PBXFileReference; fileEncoding = 4; lastKnownFileType = sourcecode.c.objc; path = PhotoViewController.m; sourceTree = "<group>"; };
		FF75F1E215D4153B004D5B1D /* Place.h */ = {isa = PBXFileReference; fileEncoding = 4; lastKnownFileType = sourcecode.c.h; path = Place.h; sourceTree = "<group>"; };
		FF75F1E315D4153B004D5B1D /* Place.m */ = {isa = PBXFileReference; fileEncoding = 4; lastKnownFileType = sourcecode.c.objc; path = Place.m; sourceTree = "<group>"; };
		FF75F1E615D41751004D5B1D /* VacationPhotosTableViewController.h */ = {isa = PBXFileReference; fileEncoding = 4; lastKnownFileType = sourcecode.c.h; path = VacationPhotosTableViewController.h; sourceTree = "<group>"; };
		FF75F1E715D41751004D5B1D /* VacationPhotosTableViewController.m */ = {isa = PBXFileReference; fileEncoding = 4; lastKnownFileType = sourcecode.c.objc; path = VacationPhotosTableViewController.m; sourceTree = "<group>"; };
		FF7EAFB815D26255003BE5C4 /* TopPlaces.xcdatamodel */ = {isa = PBXFileReference; lastKnownFileType = wrapper.xcdatamodel; path = TopPlaces.xcdatamodel; sourceTree = "<group>"; };
		FF89EAD415D7AB1200466297 /* VacationPhotoViewController.h */ = {isa = PBXFileReference; fileEncoding = 4; lastKnownFileType = sourcecode.c.h; path = VacationPhotoViewController.h; sourceTree = "<group>"; };
		FF89EAD515D7AB1200466297 /* VacationPhotoViewController.m */ = {isa = PBXFileReference; fileEncoding = 4; lastKnownFileType = sourcecode.c.objc; path = VacationPhotoViewController.m; sourceTree = "<group>"; };
		FF92B3D415D2CCD500587C01 /* Photo.h */ = {isa = PBXFileReference; fileEncoding = 4; lastKnownFileType = sourcecode.c.h; path = Photo.h; sourceTree = "<group>"; };
		FF92B3D515D2CCD500587C01 /* Photo.m */ = {isa = PBXFileReference; fileEncoding = 4; lastKnownFileType = sourcecode.c.objc; path = Photo.m; sourceTree = "<group>"; };
		FF92B3D715D2CD7200587C01 /* Place+Create.h */ = {isa = PBXFileReference; fileEncoding = 4; lastKnownFileType = sourcecode.c.h; path = "Place+Create.h"; sourceTree = "<group>"; };
		FF92B3D815D2CD7200587C01 /* Place+Create.m */ = {isa = PBXFileReference; fileEncoding = 4; lastKnownFileType = sourcecode.c.objc; path = "Place+Create.m"; sourceTree = "<group>"; };
		FF92B3DD15D2CFD900587C01 /* CoreData.framework */ = {isa = PBXFileReference; lastKnownFileType = wrapper.framework; name = CoreData.framework; path = System/Library/Frameworks/CoreData.framework; sourceTree = SDKROOT; };
		FF92B3EB15D2D18600587C01 /* VacationHelper.h */ = {isa = PBXFileReference; fileEncoding = 4; lastKnownFileType = sourcecode.c.h; path = VacationHelper.h; sourceTree = "<group>"; };
		FF92B3EC15D2D18600587C01 /* VacationHelper.m */ = {isa = PBXFileReference; fileEncoding = 4; lastKnownFileType = sourcecode.c.objc; path = VacationHelper.m; sourceTree = "<group>"; };
		FFAE08E715D780480075D8C5 /* Photo+PhotoDefinition.h */ = {isa = PBXFileReference; fileEncoding = 4; lastKnownFileType = sourcecode.c.h; path = "Photo+PhotoDefinition.h"; sourceTree = "<group>"; };
		FFAE08E815D780480075D8C5 /* Photo+PhotoDefinition.m */ = {isa = PBXFileReference; fileEncoding = 4; lastKnownFileType = sourcecode.c.objc; path = "Photo+PhotoDefinition.m"; sourceTree = "<group>"; };
		FFC8B58615C53B900049228F /* FlickrPlace.h */ = {isa = PBXFileReference; fileEncoding = 4; lastKnownFileType = sourcecode.c.h; path = FlickrPlace.h; sourceTree = "<group>"; };
		FFC8B58715C53B900049228F /* FlickrPlace.m */ = {isa = PBXFileReference; fileEncoding = 4; lastKnownFileType = sourcecode.c.objc; path = FlickrPlace.m; sourceTree = "<group>"; };
		FFF7B02315D368E300AF9442 /* CreateVacationTest.h */ = {isa = PBXFileReference; fileEncoding = 4; lastKnownFileType = sourcecode.c.h; path = CreateVacationTest.h; sourceTree = "<group>"; };
		FFF7B02415D368E300AF9442 /* CreateVacationTest.m */ = {isa = PBXFileReference; fileEncoding = 4; lastKnownFileType = sourcecode.c.objc; path = CreateVacationTest.m; sourceTree = "<group>"; };
		FFF7B02815D36B4F00AF9442 /* VirtualVacationsTableViewController.h */ = {isa = PBXFileReference; fileEncoding = 4; lastKnownFileType = sourcecode.c.h; path = VirtualVacationsTableViewController.h; sourceTree = "<group>"; };
		FFF7B02915D36B4F00AF9442 /* VirtualVacationsTableViewController.m */ = {isa = PBXFileReference; fileEncoding = 4; lastKnownFileType = sourcecode.c.objc; path = VirtualVacationsTableViewController.m; sourceTree = "<group>"; };
		FFFF718115D29A9E00696F1A /* CoreDataTableViewController.h */ = {isa = PBXFileReference; fileEncoding = 4; lastKnownFileType = sourcecode.c.h; path = CoreDataTableViewController.h; sourceTree = "<group>"; };
		FFFF718215D29A9E00696F1A /* CoreDataTableViewController.m */ = {isa = PBXFileReference; fileEncoding = 4; lastKnownFileType = sourcecode.c.objc; path = CoreDataTableViewController.m; sourceTree = "<group>"; };
		FFFF718515D29B6A00696F1A /* VacationPlacesTableViewController.h */ = {isa = PBXFileReference; fileEncoding = 4; lastKnownFileType = sourcecode.c.h; path = VacationPlacesTableViewController.h; sourceTree = "<group>"; };
		FFFF718615D29B6A00696F1A /* VacationPlacesTableViewController.m */ = {isa = PBXFileReference; fileEncoding = 4; lastKnownFileType = sourcecode.c.objc; path = VacationPlacesTableViewController.m; sourceTree = "<group>"; };
/* End PBXFileReference section */

/* Begin PBXFrameworksBuildPhase section */
		FF4B5A6A15C2EF9700217AA2 /* Frameworks */ = {
			isa = PBXFrameworksBuildPhase;
			buildActionMask = 2147483647;
			files = (
				FF92B3DE15D2CFD900587C01 /* CoreData.framework in Frameworks */,
				FF5C92C215C9B73B0090AB4F /* CoreLocation.framework in Frameworks */,
				FF5C92C015C9B72E0090AB4F /* MapKit.framework in Frameworks */,
				FF4B5A7215C2EF9700217AA2 /* UIKit.framework in Frameworks */,
				FF4B5A7415C2EF9700217AA2 /* Foundation.framework in Frameworks */,
				FF4B5A7615C2EF9700217AA2 /* CoreGraphics.framework in Frameworks */,
			);
			runOnlyForDeploymentPostprocessing = 0;
		};
		FF4B5A9815C2EF9800217AA2 /* Frameworks */ = {
			isa = PBXFrameworksBuildPhase;
			buildActionMask = 2147483647;
			files = (
				FF4B5A9E15C2EF9800217AA2 /* SenTestingKit.framework in Frameworks */,
				FF4B5A9F15C2EF9800217AA2 /* UIKit.framework in Frameworks */,
				FF4B5AA015C2EF9800217AA2 /* Foundation.framework in Frameworks */,
				E3F39BC915D3E01D009A373D /* CoreData.framework in Frameworks */,
			);
			runOnlyForDeploymentPostprocessing = 0;
		};
/* End PBXFrameworksBuildPhase section */

/* Begin PBXGroup section */
		FF4B5A6215C2EF9700217AA2 = {
			isa = PBXGroup;
			children = (
				FF92B3DD15D2CFD900587C01 /* CoreData.framework */,
				FF5C92C115C9B73B0090AB4F /* CoreLocation.framework */,
				FF5C92BF15C9B72E0090AB4F /* MapKit.framework */,
				FF4B5A7715C2EF9700217AA2 /* TopPlaces */,
				FF4B5AA315C2EF9800217AA2 /* TopPlacesTests */,
				FF4B5A7015C2EF9700217AA2 /* Frameworks */,
				FF4B5A6E15C2EF9700217AA2 /* Products */,
			);
			sourceTree = "<group>";
		};
		FF4B5A6E15C2EF9700217AA2 /* Products */ = {
			isa = PBXGroup;
			children = (
				FF4B5A6D15C2EF9700217AA2 /* TopPlaces.app */,
				FF4B5A9C15C2EF9800217AA2 /* TopPlacesTests.octest */,
			);
			name = Products;
			sourceTree = "<group>";
		};
		FF4B5A7015C2EF9700217AA2 /* Frameworks */ = {
			isa = PBXGroup;
			children = (
				FF4B5A7115C2EF9700217AA2 /* UIKit.framework */,
				FF4B5A7315C2EF9700217AA2 /* Foundation.framework */,
				FF4B5A7515C2EF9700217AA2 /* CoreGraphics.framework */,
				FF4B5A9D15C2EF9800217AA2 /* SenTestingKit.framework */,
			);
			name = Frameworks;
			sourceTree = "<group>";
		};
		FF4B5A7715C2EF9700217AA2 /* TopPlaces */ = {
			isa = PBXGroup;
			children = (
				FF7EAFB515D26216003BE5C4 /* Core-Data */,
				FF5C92BA15C9B5CA0090AB4F /* Map */,
				FF4B5AB415C2F1F100217AA2 /* Flickr */,
				FF4B5A8015C2EF9700217AA2 /* AppDelegate.h */,
				FF4B5A8115C2EF9700217AA2 /* AppDelegate.m */,
				FF4B5A8315C2EF9700217AA2 /* MainStoryboard_iPhone.storyboard */,
				FF4B5A8615C2EF9700217AA2 /* MainStoryboard_iPad.storyboard */,
				FF92B3EB15D2D18600587C01 /* VacationHelper.h */,
				FF92B3EC15D2D18600587C01 /* VacationHelper.m */,
				FF4BE26715D5B38400E231DA /* PhotoDefintion.h */,
				FF4BE26815D5B38400E231DA /* PhotoDefintion.m */,
				FFFF718115D29A9E00696F1A /* CoreDataTableViewController.h */,
				FFFF718215D29A9E00696F1A /* CoreDataTableViewController.m */,
				FF55A61D15D701CA00A7A573 /* CommonPhotoViewController.h */,
				FF55A61F15D701FF00A7A573 /* CommonPhotoViewController.m */,
				FFF7B02815D36B4F00AF9442 /* VirtualVacationsTableViewController.h */,
				FFF7B02915D36B4F00AF9442 /* VirtualVacationsTableViewController.m */,
				E3E446B515D392640009E6BD /* VirtualVacationTableViewController.h */,
				E3E446B615D392640009E6BD /* VirtualVacationTableViewController.m */,
				FFFF718515D29B6A00696F1A /* VacationPlacesTableViewController.h */,
				FFFF718615D29B6A00696F1A /* VacationPlacesTableViewController.m */,
				E3F39BC015D3DA35009A373D /* VacationTagsTableViewController.h */,
				E3F39BC115D3DA35009A373D /* VacationTagsTableViewController.m */,
				FF75F1E615D41751004D5B1D /* VacationPhotosTableViewController.h */,
				FF75F1E715D41751004D5B1D /* VacationPhotosTableViewController.m */,
				FF89EAD415D7AB1200466297 /* VacationPhotoViewController.h */,
				FF89EAD515D7AB1200466297 /* VacationPhotoViewController.m */,
				FF6975D915C3D9B600E3D45E /* PhotoViewController.h */,
				FF6975DA15C3D9B600E3D45E /* PhotoViewController.m */,
				FF4B5ABA15C2F36600217AA2 /* PlacesTableViewController.h */,
				FF4B5ABB15C2F36600217AA2 /* PlacesTableViewController.m */,
				FF4B5AC215C2FBAF00217AA2 /* PhotosTableViewController.h */,
				FF4B5AC315C2FBAF00217AA2 /* PhotosTableViewController.m */,
				FF51D7E615C74BD900F1E301 /* TopPhotosTableViewController.h */,
				FF51D7E715C74BD900F1E301 /* TopPhotosTableViewController.m */,
				FF209FCD15C43B4F00D88F6E /* RecentPhotosTableViewController.h */,
				FF209FCE15C43B4F00D88F6E /* RecentPhotosTableViewController.m */,
				FF4E6FD115CBCCA600E745C0 /* FileCache.h */,
				FF4E6FD215CBCCA600E745C0 /* FileCache.m */,
				FF4B5A9315C2EF9800217AA2 /* emptyThumbnail.png */,
				FF4B5A7815C2EF9700217AA2 /* Supporting Files */,
			);
			path = TopPlaces;
			sourceTree = "<group>";
		};
		FF4B5A7815C2EF9700217AA2 /* Supporting Files */ = {
			isa = PBXGroup;
			children = (
				FF4B5A7915C2EF9700217AA2 /* TopPlaces-Info.plist */,
				FF4B5A7A15C2EF9700217AA2 /* InfoPlist.strings */,
				FF4B5A7D15C2EF9700217AA2 /* main.m */,
				FF4B5A7F15C2EF9700217AA2 /* TopPlaces-Prefix.pch */,
			);
			name = "Supporting Files";
			sourceTree = "<group>";
		};
		FF4B5AA315C2EF9800217AA2 /* TopPlacesTests */ = {
			isa = PBXGroup;
			children = (
				FF4B5AA915C2EF9800217AA2 /* TopPlacesTests.h */,
				FF4B5AAA15C2EF9800217AA2 /* TopPlacesTests.m */,
				FFF7B02315D368E300AF9442 /* CreateVacationTest.h */,
				FFF7B02415D368E300AF9442 /* CreateVacationTest.m */,
				FF4B5AA415C2EF9800217AA2 /* Supporting Files */,
				E39C6C3715DA25BC006EC68C /* BlockTest.h */,
				E39C6C3815DA25BC006EC68C /* BlockTest.m */,
			);
			path = TopPlacesTests;
			sourceTree = "<group>";
		};
		FF4B5AA415C2EF9800217AA2 /* Supporting Files */ = {
			isa = PBXGroup;
			children = (
				FF4B5AA515C2EF9800217AA2 /* TopPlacesTests-Info.plist */,
				FF4B5AA615C2EF9800217AA2 /* InfoPlist.strings */,
			);
			name = "Supporting Files";
			sourceTree = "<group>";
		};
		FF4B5AB415C2F1F100217AA2 /* Flickr */ = {
			isa = PBXGroup;
			children = (
				FFC8B58615C53B900049228F /* FlickrPlace.h */,
				FFC8B58715C53B900049228F /* FlickrPlace.m */,
				FF4B5AB515C2F21400217AA2 /* FlickrFetcher.h */,
				FF4B5AB615C2F21400217AA2 /* FlickrFetcher.m */,
				FF4B5AB715C2F21400217AA2 /* FlickrAPIKey.h */,
			);
			name = Flickr;
			sourceTree = "<group>";
		};
		FF5C92BA15C9B5CA0090AB4F /* Map */ = {
			isa = PBXGroup;
			children = (
				FF5C92BC15C9B5EF0090AB4F /* PlacesMapViewController.h */,
				FF5C92BD15C9B5EF0090AB4F /* PlacesMapViewController.m */,
				FF5C92C315C9B9DD0090AB4F /* PlaceAnnotation.h */,
				FF5C92C415C9B9DD0090AB4F /* PlaceAnnotation.m */,
				FF4AB0A115CB739E0063BDD5 /* PhotosMapViewController.h */,
				FF4AB0A215CB739E0063BDD5 /* PhotosMapViewController.m */,
				FF4AB0A515CB73C80063BDD5 /* PhotoAnnotation.h */,
				FF4AB0A615CB73C80063BDD5 /* PhotoAnnotation.m */,
				FF2441F115CE73A300C762FE /* MapUtilities.h */,
				FF2441F215CE73A300C762FE /* MapUtilities.m */,
			);
			name = Map;
			sourceTree = "<group>";
		};
		FF7EAFB515D26216003BE5C4 /* Core-Data */ = {
			isa = PBXGroup;
			children = (
				FF92B3D415D2CCD500587C01 /* Photo.h */,
				FF92B3D515D2CCD500587C01 /* Photo.m */,
				FF75F1E215D4153B004D5B1D /* Place.h */,
				FF75F1E315D4153B004D5B1D /* Place.m */,
				E339B22B15D4F481005D46E5 /* Tag.h */,
				E339B22C15D4F481005D46E5 /* Tag.m */,
				FF7EAFB715D26255003BE5C4 /* TopPlaces.xcdatamodeld */,
				FF92B3D715D2CD7200587C01 /* Place+Create.h */,
				FF92B3D815D2CD7200587C01 /* Place+Create.m */,
				E339B21215D4DFB6005D46E5 /* Tag+Create.h */,
				E339B21315D4DFB6005D46E5 /* Tag+Create.m */,
				FFAE08E715D780480075D8C5 /* Photo+PhotoDefinition.h */,
				FFAE08E815D780480075D8C5 /* Photo+PhotoDefinition.m */,
			);
			name = "Core-Data";
			sourceTree = "<group>";
		};
/* End PBXGroup section */

/* Begin PBXNativeTarget section */
		FF4B5A6C15C2EF9700217AA2 /* TopPlaces */ = {
			isa = PBXNativeTarget;
			buildConfigurationList = FF4B5AAE15C2EF9800217AA2 /* Build configuration list for PBXNativeTarget "TopPlaces" */;
			buildPhases = (
				FF4B5A6915C2EF9700217AA2 /* Sources */,
				FF4B5A6A15C2EF9700217AA2 /* Frameworks */,
				FF4B5A6B15C2EF9700217AA2 /* Resources */,
			);
			buildRules = (
			);
			dependencies = (
			);
			name = TopPlaces;
			productName = TopPlaces;
			productReference = FF4B5A6D15C2EF9700217AA2 /* TopPlaces.app */;
			productType = "com.apple.product-type.application";
		};
		FF4B5A9B15C2EF9800217AA2 /* TopPlacesTests */ = {
			isa = PBXNativeTarget;
			buildConfigurationList = FF4B5AB115C2EF9800217AA2 /* Build configuration list for PBXNativeTarget "TopPlacesTests" */;
			buildPhases = (
				FF4B5A9715C2EF9800217AA2 /* Sources */,
				FF4B5A9815C2EF9800217AA2 /* Frameworks */,
				FF4B5A9915C2EF9800217AA2 /* Resources */,
				FF4B5A9A15C2EF9800217AA2 /* ShellScript */,
			);
			buildRules = (
			);
			dependencies = (
				FF4B5AA215C2EF9800217AA2 /* PBXTargetDependency */,
			);
			name = TopPlacesTests;
			productName = TopPlacesTests;
			productReference = FF4B5A9C15C2EF9800217AA2 /* TopPlacesTests.octest */;
			productType = "com.apple.product-type.bundle";
		};
/* End PBXNativeTarget section */

/* Begin PBXProject section */
		FF4B5A6415C2EF9700217AA2 /* Project object */ = {
			isa = PBXProject;
			attributes = {
				LastUpgradeCheck = 0440;
				ORGANIZATIONNAME = "Heiko Goes";
			};
			buildConfigurationList = FF4B5A6715C2EF9700217AA2 /* Build configuration list for PBXProject "TopPlaces" */;
			compatibilityVersion = "Xcode 3.2";
			developmentRegion = English;
			hasScannedForEncodings = 0;
			knownRegions = (
				en,
			);
			mainGroup = FF4B5A6215C2EF9700217AA2;
			productRefGroup = FF4B5A6E15C2EF9700217AA2 /* Products */;
			projectDirPath = "";
			projectRoot = "";
			targets = (
				FF4B5A6C15C2EF9700217AA2 /* TopPlaces */,
				FF4B5A9B15C2EF9800217AA2 /* TopPlacesTests */,
			);
		};
/* End PBXProject section */

/* Begin PBXResourcesBuildPhase section */
		FF4B5A6B15C2EF9700217AA2 /* Resources */ = {
			isa = PBXResourcesBuildPhase;
			buildActionMask = 2147483647;
			files = (
				FF4B5A7C15C2EF9700217AA2 /* InfoPlist.strings in Resources */,
				FF4B5A8515C2EF9700217AA2 /* MainStoryboard_iPhone.storyboard in Resources */,
				FF4B5A8815C2EF9700217AA2 /* MainStoryboard_iPad.storyboard in Resources */,
				FF4B5A9415C2EF9800217AA2 /* emptyThumbnail.png in Resources */,
			);
			runOnlyForDeploymentPostprocessing = 0;
		};
		FF4B5A9915C2EF9800217AA2 /* Resources */ = {
			isa = PBXResourcesBuildPhase;
			buildActionMask = 2147483647;
			files = (
				FF4B5AA815C2EF9800217AA2 /* InfoPlist.strings in Resources */,
			);
			runOnlyForDeploymentPostprocessing = 0;
		};
/* End PBXResourcesBuildPhase section */

/* Begin PBXShellScriptBuildPhase section */
		FF4B5A9A15C2EF9800217AA2 /* ShellScript */ = {
			isa = PBXShellScriptBuildPhase;
			buildActionMask = 2147483647;
			files = (
			);
			inputPaths = (
			);
			outputPaths = (
			);
			runOnlyForDeploymentPostprocessing = 0;
			shellPath = /bin/sh;
			shellScript = "# Run the unit tests in this test bundle.\n\"${SYSTEM_DEVELOPER_DIR}/Tools/RunUnitTests\"\n";
		};
/* End PBXShellScriptBuildPhase section */

/* Begin PBXSourcesBuildPhase section */
		FF4B5A6915C2EF9700217AA2 /* Sources */ = {
			isa = PBXSourcesBuildPhase;
			buildActionMask = 2147483647;
			files = (
				FF4B5A7E15C2EF9700217AA2 /* main.m in Sources */,
				FF4B5A8215C2EF9700217AA2 /* AppDelegate.m in Sources */,
				FF4B5AB815C2F21400217AA2 /* FlickrFetcher.m in Sources */,
				FF4B5ABC15C2F36600217AA2 /* PlacesTableViewController.m in Sources */,
				FF4B5AC415C2FBAF00217AA2 /* PhotosTableViewController.m in Sources */,
				FF6975DB15C3D9B600E3D45E /* PhotoViewController.m in Sources */,
				FF209FCF15C43B4F00D88F6E /* RecentPhotosTableViewController.m in Sources */,
				FFC8B58815C53B900049228F /* FlickrPlace.m in Sources */,
				FF51D7E815C74BD900F1E301 /* TopPhotosTableViewController.m in Sources */,
				FF5C92BE15C9B5EF0090AB4F /* PlacesMapViewController.m in Sources */,
				FF5C92C515C9B9DD0090AB4F /* PlaceAnnotation.m in Sources */,
				FF4AB0A315CB739E0063BDD5 /* PhotosMapViewController.m in Sources */,
				FF4AB0A715CB73C80063BDD5 /* PhotoAnnotation.m in Sources */,
				FF4E6FD315CBCCA600E745C0 /* FileCache.m in Sources */,
				FF2441F315CE73A300C762FE /* MapUtilities.m in Sources */,
				FF7EAFB915D26255003BE5C4 /* TopPlaces.xcdatamodeld in Sources */,
				FFFF718315D29A9E00696F1A /* CoreDataTableViewController.m in Sources */,
				FFFF718715D29B6A00696F1A /* VacationPlacesTableViewController.m in Sources */,
				FF92B3D615D2CCD500587C01 /* Photo.m in Sources */,
				FF92B3D915D2CD7200587C01 /* Place+Create.m in Sources */,
				FF92B3ED15D2D18600587C01 /* VacationHelper.m in Sources */,
				FFF7B02A15D36B4F00AF9442 /* VirtualVacationsTableViewController.m in Sources */,
				E3E446B715D392640009E6BD /* VirtualVacationTableViewController.m in Sources */,
				E3F39BC215D3DA35009A373D /* VacationTagsTableViewController.m in Sources */,
				FF75F1E415D4153B004D5B1D /* Place.m in Sources */,
				FF75F1E815D41751004D5B1D /* VacationPhotosTableViewController.m in Sources */,
				E339B21415D4DFB6005D46E5 /* Tag+Create.m in Sources */,
				E339B22D15D4F482005D46E5 /* Tag.m in Sources */,
				FF4BE26915D5B38400E231DA /* PhotoDefintion.m in Sources */,
				FF55A62015D701FF00A7A573 /* CommonPhotoViewController.m in Sources */,
				FFAE08E915D780480075D8C5 /* Photo+PhotoDefinition.m in Sources */,
				FF89EAD615D7AB1200466297 /* VacationPhotoViewController.m in Sources */,
			);
			runOnlyForDeploymentPostprocessing = 0;
		};
		FF4B5A9715C2EF9800217AA2 /* Sources */ = {
			isa = PBXSourcesBuildPhase;
			buildActionMask = 2147483647;
			files = (
				FF4B5AAB15C2EF9800217AA2 /* TopPlacesTests.m in Sources */,
				FF4B5AB915C2F21400217AA2 /* FlickrFetcher.m in Sources */,
				FF4B5ABD15C2F36600217AA2 /* PlacesTableViewController.m in Sources */,
				FF4B5AC515C2FBAF00217AA2 /* PhotosTableViewController.m in Sources */,
				FF4E6FD415CBCCA600E745C0 /* FileCache.m in Sources */,
				FFF7B02515D368E300AF9442 /* CreateVacationTest.m in Sources */,
				FFF7B02715D3695800AF9442 /* VacationHelper.m in Sources */,
				E3F39BC415D3DF50009A373D /* Photo.m in Sources */,
				E3F39BC815D3DF50009A373D /* Place+Create.m in Sources */,
				E339B21615D4E0DE005D46E5 /* Tag+Create.m in Sources */,
				E39C6C3915DA25BC006EC68C /* BlockTest.m in Sources */,
			);
			runOnlyForDeploymentPostprocessing = 0;
		};
/* End PBXSourcesBuildPhase section */

/* Begin PBXTargetDependency section */
		FF4B5AA215C2EF9800217AA2 /* PBXTargetDependency */ = {
			isa = PBXTargetDependency;
			target = FF4B5A6C15C2EF9700217AA2 /* TopPlaces */;
			targetProxy = FF4B5AA115C2EF9800217AA2 /* PBXContainerItemProxy */;
		};
/* End PBXTargetDependency section */

/* Begin PBXVariantGroup section */
		FF4B5A7A15C2EF9700217AA2 /* InfoPlist.strings */ = {
			isa = PBXVariantGroup;
			children = (
				FF4B5A7B15C2EF9700217AA2 /* en */,
			);
			name = InfoPlist.strings;
			sourceTree = "<group>";
		};
		FF4B5A8315C2EF9700217AA2 /* MainStoryboard_iPhone.storyboard */ = {
			isa = PBXVariantGroup;
			children = (
				FF4B5A8415C2EF9700217AA2 /* en */,
			);
			name = MainStoryboard_iPhone.storyboard;
			sourceTree = "<group>";
		};
		FF4B5A8615C2EF9700217AA2 /* MainStoryboard_iPad.storyboard */ = {
			isa = PBXVariantGroup;
			children = (
				FF4B5A8715C2EF9700217AA2 /* en */,
			);
			name = MainStoryboard_iPad.storyboard;
			sourceTree = "<group>";
		};
		FF4B5AA615C2EF9800217AA2 /* InfoPlist.strings */ = {
			isa = PBXVariantGroup;
			children = (
				FF4B5AA715C2EF9800217AA2 /* en */,
			);
			name = InfoPlist.strings;
			sourceTree = "<group>";
		};
/* End PBXVariantGroup section */

/* Begin XCBuildConfiguration section */
		FF4B5AAC15C2EF9800217AA2 /* Debug */ = {
			isa = XCBuildConfiguration;
			buildSettings = {
				ALWAYS_SEARCH_USER_PATHS = NO;
				ARCHS = "$(ARCHS_STANDARD_32_BIT)";
				CLANG_CXX_LANGUAGE_STANDARD = "gnu++0x";
				CLANG_ENABLE_OBJC_ARC = YES;
				CLANG_WARN__DUPLICATE_METHOD_MATCH = YES;
				"CODE_SIGN_IDENTITY[sdk=iphoneos*]" = "iPhone Developer";
				COPY_PHASE_STRIP = NO;
				GCC_C_LANGUAGE_STANDARD = gnu99;
				GCC_DYNAMIC_NO_PIC = NO;
				GCC_OPTIMIZATION_LEVEL = 0;
				GCC_PREPROCESSOR_DEFINITIONS = (
					"DEBUG=1",
					"$(inherited)",
				);
				GCC_SYMBOLS_PRIVATE_EXTERN = NO;
				GCC_VERSION = com.apple.compilers.llvm.clang.1_0;
				GCC_WARN_ABOUT_RETURN_TYPE = YES;
				GCC_WARN_UNINITIALIZED_AUTOS = YES;
				GCC_WARN_UNUSED_VARIABLE = YES;
				IPHONEOS_DEPLOYMENT_TARGET = 5.1;
				SDKROOT = iphoneos;
				TARGETED_DEVICE_FAMILY = "1,2";
			};
			name = Debug;
		};
		FF4B5AAD15C2EF9800217AA2 /* Release */ = {
			isa = XCBuildConfiguration;
			buildSettings = {
				ALWAYS_SEARCH_USER_PATHS = NO;
				ARCHS = "$(ARCHS_STANDARD_32_BIT)";
				CLANG_CXX_LANGUAGE_STANDARD = "gnu++0x";
				CLANG_ENABLE_OBJC_ARC = YES;
				CLANG_WARN__DUPLICATE_METHOD_MATCH = YES;
				"CODE_SIGN_IDENTITY[sdk=iphoneos*]" = "iPhone Developer";
				COPY_PHASE_STRIP = YES;
				GCC_C_LANGUAGE_STANDARD = gnu99;
				GCC_VERSION = com.apple.compilers.llvm.clang.1_0;
				GCC_WARN_ABOUT_RETURN_TYPE = YES;
				GCC_WARN_UNINITIALIZED_AUTOS = YES;
				GCC_WARN_UNUSED_VARIABLE = YES;
				IPHONEOS_DEPLOYMENT_TARGET = 5.1;
				OTHER_CFLAGS = "-DNS_BLOCK_ASSERTIONS=1";
				SDKROOT = iphoneos;
				TARGETED_DEVICE_FAMILY = "1,2";
				VALIDATE_PRODUCT = YES;
			};
			name = Release;
		};
		FF4B5AAF15C2EF9800217AA2 /* Debug */ = {
			isa = XCBuildConfiguration;
			buildSettings = {
				GCC_PRECOMPILE_PREFIX_HEADER = YES;
				GCC_PREFIX_HEADER = "TopPlaces/TopPlaces-Prefix.pch";
				INFOPLIST_FILE = "TopPlaces/TopPlaces-Info.plist";
				PRODUCT_NAME = "$(TARGET_NAME)";
				WRAPPER_EXTENSION = app;
			};
			name = Debug;
		};
		FF4B5AB015C2EF9800217AA2 /* Release */ = {
			isa = XCBuildConfiguration;
			buildSettings = {
				GCC_PRECOMPILE_PREFIX_HEADER = YES;
				GCC_PREFIX_HEADER = "TopPlaces/TopPlaces-Prefix.pch";
				INFOPLIST_FILE = "TopPlaces/TopPlaces-Info.plist";
				PRODUCT_NAME = "$(TARGET_NAME)";
				WRAPPER_EXTENSION = app;
			};
			name = Release;
		};
		FF4B5AB215C2EF9800217AA2 /* Debug */ = {
			isa = XCBuildConfiguration;
			buildSettings = {
				BUNDLE_LOADER = "$(BUILT_PRODUCTS_DIR)/TopPlaces.app/TopPlaces";
				FRAMEWORK_SEARCH_PATHS = (
					"\"$(SDKROOT)/Developer/Library/Frameworks\"",
					"\"$(DEVELOPER_LIBRARY_DIR)/Frameworks\"",
				);
				GCC_PRECOMPILE_PREFIX_HEADER = YES;
				GCC_PREFIX_HEADER = "TopPlaces/TopPlaces-Prefix.pch";
				INFOPLIST_FILE = "TopPlacesTests/TopPlacesTests-Info.plist";
				PRODUCT_NAME = "$(TARGET_NAME)";
				TEST_HOST = "$(BUNDLE_LOADER)";
				WRAPPER_EXTENSION = octest;
			};
			name = Debug;
		};
		FF4B5AB315C2EF9800217AA2 /* Release */ = {
			isa = XCBuildConfiguration;
			buildSettings = {
				BUNDLE_LOADER = "$(BUILT_PRODUCTS_DIR)/TopPlaces.app/TopPlaces";
				FRAMEWORK_SEARCH_PATHS = (
					"\"$(SDKROOT)/Developer/Library/Frameworks\"",
					"\"$(DEVELOPER_LIBRARY_DIR)/Frameworks\"",
				);
				GCC_PRECOMPILE_PREFIX_HEADER = YES;
				GCC_PREFIX_HEADER = "TopPlaces/TopPlaces-Prefix.pch";
				INFOPLIST_FILE = "TopPlacesTests/TopPlacesTests-Info.plist";
				PRODUCT_NAME = "$(TARGET_NAME)";
				TEST_HOST = "$(BUNDLE_LOADER)";
				WRAPPER_EXTENSION = octest;
			};
			name = Release;
		};
/* End XCBuildConfiguration section */

/* Begin XCConfigurationList section */
		FF4B5A6715C2EF9700217AA2 /* Build configuration list for PBXProject "TopPlaces" */ = {
			isa = XCConfigurationList;
			buildConfigurations = (
				FF4B5AAC15C2EF9800217AA2 /* Debug */,
				FF4B5AAD15C2EF9800217AA2 /* Release */,
			);
			defaultConfigurationIsVisible = 0;
			defaultConfigurationName = Release;
		};
		FF4B5AAE15C2EF9800217AA2 /* Build configuration list for PBXNativeTarget "TopPlaces" */ = {
			isa = XCConfigurationList;
			buildConfigurations = (
				FF4B5AAF15C2EF9800217AA2 /* Debug */,
				FF4B5AB015C2EF9800217AA2 /* Release */,
			);
			defaultConfigurationIsVisible = 0;
			defaultConfigurationName = Release;
		};
		FF4B5AB115C2EF9800217AA2 /* Build configuration list for PBXNativeTarget "TopPlacesTests" */ = {
			isa = XCConfigurationList;
			buildConfigurations = (
				FF4B5AB215C2EF9800217AA2 /* Debug */,
				FF4B5AB315C2EF9800217AA2 /* Release */,
			);
			defaultConfigurationIsVisible = 0;
			defaultConfigurationName = Release;
		};
/* End XCConfigurationList section */

/* Begin XCVersionGroup section */
		FF7EAFB715D26255003BE5C4 /* TopPlaces.xcdatamodeld */ = {
			isa = XCVersionGroup;
			children = (
				FF7EAFB815D26255003BE5C4 /* TopPlaces.xcdatamodel */,
			);
			currentVersion = FF7EAFB815D26255003BE5C4 /* TopPlaces.xcdatamodel */;
			path = TopPlaces.xcdatamodeld;
			sourceTree = "<group>";
			versionGroupType = wrapper.xcdatamodel;
		};
/* End XCVersionGroup section */
	};
	rootObject = FF4B5A6415C2EF9700217AA2 /* Project object */;
}
